
Microsoft Visual Studio Solution File, Format Version 12.00
# Visual Studio Version 16
VisualStudioVersion = 16.0.31729.503
MinimumVisualStudioVersion = 10.0.40219.1
Project("{FAE04EC0-301F-11D3-BF4B-00C04F79EFBC}") = "Try4", "Try4\Try4.csproj", "{35A05469-B957-4B19-810E-FBFF3F529224}"
EndProject
Global
	GlobalSection(SolutionConfigurationPlatforms) = preSolution
		Debug|Any CPU = Debug|Any CPU
		Release|Any CPU = Release|Any CPU
	EndGlobalSection
	GlobalSection(ProjectConfigurationPlatforms) = postSolution
		{35A05469-B957-4B19-810E-FBFF3F529224}.Debug|Any CPU.ActiveCfg = Debug|Any CPU
		{35A05469-B957-4B19-810E-FBFF3F529224}.Debug|Any CPU.Build.0 = Debug|Any CPU
		{35A05469-B957-4B19-810E-FBFF3F529224}.Release|Any CPU.ActiveCfg = Release|Any CPU
		{35A05469-B957-4B19-810E-FBFF3F529224}.Release|Any CPU.Build.0 = Release|Any CPU
	EndGlobalSection
	GlobalSection(SolutionProperties) = preSolution
		HideSolutionNode = FALSE
	EndGlobalSection
	GlobalSection(ExtensibilityGlobals) = postSolution
		SolutionGuid = {09957C17-7940-413F-8318-88A8EE303B61}
	EndGlobalSection
EndGlobal
